
Microsoft Visual Studio Solution File, Format Version 12.00
Project("{FAE04EC0-301F-11D3-BF4B-00C04F79EFBC}") = "Raft", "Raft\Raft.csproj", "{CE5717F0-FAD9-486D-BD36-B0237EDD7008}"
EndProject
Global
	GlobalSection(SolutionConfigurationPlatforms) = preSolution
		Debug|Any CPU = Debug|Any CPU
		Release|Any CPU = Release|Any CPU
	EndGlobalSection
	GlobalSection(ProjectConfigurationPlatforms) = postSolution
		{CE5717F0-FAD9-486D-BD36-B0237EDD7008}.Debug|Any CPU.ActiveCfg = Debug|Any CPU
		{CE5717F0-FAD9-486D-BD36-B0237EDD7008}.Debug|Any CPU.Build.0 = Debug|Any CPU
		{CE5717F0-FAD9-486D-BD36-B0237EDD7008}.Release|Any CPU.ActiveCfg = Release|Any CPU
		{CE5717F0-FAD9-486D-BD36-B0237EDD7008}.Release|Any CPU.Build.0 = Release|Any CPU
	EndGlobalSection
EndGlobal
